
Microsoft Visual Studio Solution File, Format Version 12.00
# Visual Studio Version 16
VisualStudioVersion = 16.0.30804.86
MinimumVisualStudioVersion = 10.0.40219.1
Project("{FAE04EC0-301F-11D3-BF4B-00C04F79EFBC}") = "NasaImageClassifier", "NasaImageClassifier\NasaImageClassifier.csproj", "{F6AB2592-9169-481B-92AA-EB3486430863}"
EndProject
Global
	GlobalSection(SolutionConfigurationPlatforms) = preSolution
		Debug|Any CPU = Debug|Any CPU
		Release|Any CPU = Release|Any CPU
	EndGlobalSection
	GlobalSection(ProjectConfigurationPlatforms) = postSolution
		{F6AB2592-9169-481B-92AA-EB3486430863}.Debug|Any CPU.ActiveCfg = Debug|Any CPU
		{F6AB2592-9169-481B-92AA-EB3486430863}.Debug|Any CPU.Build.0 = Debug|Any CPU
		{F6AB2592-9169-481B-92AA-EB3486430863}.Release|Any CPU.ActiveCfg = Release|Any CPU
		{F6AB2592-9169-481B-92AA-EB3486430863}.Release|Any CPU.Build.0 = Release|Any CPU
	EndGlobalSection
	GlobalSection(SolutionProperties) = preSolution
		HideSolutionNode = FALSE
	EndGlobalSection
	GlobalSection(ExtensibilityGlobals) = postSolution
		SolutionGuid = {C56A886E-83A8-4AAE-8A65-913FC7B31982}
	EndGlobalSection
EndGlobal
